// !$*UTF8*$!
{
	archiveVersion = 1;
	classes = {
	};
	objectVersion = 46;
	objects = {

/* Begin PBXBuildFile section */
		1FF696BF1C25612F005CCF6E /* .gitignore in Resources */ = {isa = PBXBuildFile; fileRef = 1FF696951C25612F005CCF6E /* .gitignore */; settings = {ASSET_TAGS = (); }; };
		1FF696C01C25612F005CCF6E /* .swiftlint.yml in Resources */ = {isa = PBXBuildFile; fileRef = 1FF696961C25612F005CCF6E /* .swiftlint.yml */; settings = {ASSET_TAGS = (); }; };
		1FF696C11C25612F005CCF6E /* LICENSE in Resources */ = {isa = PBXBuildFile; fileRef = 1FF696971C25612F005CCF6E /* LICENSE */; settings = {ASSET_TAGS = (); }; };
		1FF696C31C25612F005CCF6E /* file.html in Resources */ = {isa = PBXBuildFile; fileRef = 1FF6969A1C25612F005CCF6E /* file.html */; settings = {ASSET_TAGS = (); }; };
		1FF696C41C25612F005CCF6E /* login.html in Resources */ = {isa = PBXBuildFile; fileRef = 1FF6969B1C25612F005CCF6E /* login.html */; settings = {ASSET_TAGS = (); }; };
		1FF696C51C25612F005CCF6E /* logo.png in Resources */ = {isa = PBXBuildFile; fileRef = 1FF6969C1C25612F005CCF6E /* logo.png */; settings = {ASSET_TAGS = (); }; };
		1FF696C61C25612F005CCF6E /* test.json in Resources */ = {isa = PBXBuildFile; fileRef = 1FF6969D1C25612F005CCF6E /* test.json */; settings = {ASSET_TAGS = (); }; };
		1FF696C71C25612F005CCF6E /* Const.swift in Sources */ = {isa = PBXBuildFile; fileRef = 1FF696A01C25612F005CCF6E /* Const.swift */; settings = {ASSET_TAGS = (); }; };
		1FF696C81C25612F005CCF6E /* DemoServer.swift in Sources */ = {isa = PBXBuildFile; fileRef = 1FF696A11C25612F005CCF6E /* DemoServer.swift */; settings = {ASSET_TAGS = (); }; };
		1FF696C91C25612F005CCF6E /* HttpHandlers.swift in Sources */ = {isa = PBXBuildFile; fileRef = 1FF696A21C25612F005CCF6E /* HttpHandlers.swift */; settings = {ASSET_TAGS = (); }; };
		1FF696CA1C25612F005CCF6E /* HttpParser.swift in Sources */ = {isa = PBXBuildFile; fileRef = 1FF696A31C25612F005CCF6E /* HttpParser.swift */; settings = {ASSET_TAGS = (); }; };
		1FF696CB1C25612F005CCF6E /* HttpRequest.swift in Sources */ = {isa = PBXBuildFile; fileRef = 1FF696A41C25612F005CCF6E /* HttpRequest.swift */; settings = {ASSET_TAGS = (); }; };
		1FF696CC1C25612F005CCF6E /* HttpResponse.swift in Sources */ = {isa = PBXBuildFile; fileRef = 1FF696A51C25612F005CCF6E /* HttpResponse.swift */; settings = {ASSET_TAGS = (); }; };
		1FF696CD1C25612F005CCF6E /* HttpRouter.swift in Sources */ = {isa = PBXBuildFile; fileRef = 1FF696A61C25612F005CCF6E /* HttpRouter.swift */; settings = {ASSET_TAGS = (); }; };
		1FF696CE1C25612F005CCF6E /* HttpServer.swift in Sources */ = {isa = PBXBuildFile; fileRef = 1FF696A71C25612F005CCF6E /* HttpServer.swift */; settings = {ASSET_TAGS = (); }; };
		1FF696CF1C25612F005CCF6E /* HttpServerIO.swift in Sources */ = {isa = PBXBuildFile; fileRef = 1FF696A81C25612F005CCF6E /* HttpServerIO.swift */; settings = {ASSET_TAGS = (); }; };
		1FF696D01C25612F005CCF6E /* Socket.swift in Sources */ = {isa = PBXBuildFile; fileRef = 1FF696A91C25612F005CCF6E /* Socket.swift */; settings = {ASSET_TAGS = (); }; };
		1FF696D11C25612F005CCF6E /* String+Misc.swift in Sources */ = {isa = PBXBuildFile; fileRef = 1FF696AA1C25612F005CCF6E /* String+Misc.swift */; settings = {ASSET_TAGS = (); }; };
		1FF696D21C25612F005CCF6E /* Swifter.podspec in Resources */ = {isa = PBXBuildFile; fileRef = 1FF696AB1C25612F005CCF6E /* Swifter.podspec */; settings = {ASSET_TAGS = (); }; };
		1FF696EA1C256582005CCF6E /* localServer.swift in Sources */ = {isa = PBXBuildFile; fileRef = 1FF696E91C256582005CCF6E /* localServer.swift */; settings = {ASSET_TAGS = (); }; };
		1FF6986D1C25B3D6005CCF6E /* acc.swift in Sources */ = {isa = PBXBuildFile; fileRef = 1FF6986C1C25B3D5005CCF6E /* acc.swift */; settings = {ASSET_TAGS = (); }; };
		1FF6986F1C25B3EC005CCF6E /* gyr.swift in Sources */ = {isa = PBXBuildFile; fileRef = 1FF6986E1C25B3EC005CCF6E /* gyr.swift */; settings = {ASSET_TAGS = (); }; };
		22657E8A1C2554FD0025B1E0 /* AppDelegate.swift in Sources */ = {isa = PBXBuildFile; fileRef = 22657E891C2554FD0025B1E0 /* AppDelegate.swift */; };
		22657E8C1C2554FD0025B1E0 /* JSAppStoreTableViewController.swift in Sources */ = {isa = PBXBuildFile; fileRef = 22657E8B1C2554FD0025B1E0 /* JSAppStoreTableViewController.swift */; };
		22657E931C2554FD0025B1E0 /* Assets.xcassets in Resources */ = {isa = PBXBuildFile; fileRef = 22657E921C2554FD0025B1E0 /* Assets.xcassets */; };
		22657E961C2554FD0025B1E0 /* LaunchScreen.storyboard in Resources */ = {isa = PBXBuildFile; fileRef = 22657E941C2554FD0025B1E0 /* LaunchScreen.storyboard */; };
		2273366F1C2573690028C5F0 /* JSAppViewController.swift in Sources */ = {isa = PBXBuildFile; fileRef = 2273366D1C2572400028C5F0 /* JSAppViewController.swift */; settings = {ASSET_TAGS = (); }; };
		229A039E1C2574C5003602AF /* Main.storyboard in Resources */ = {isa = PBXBuildFile; fileRef = 22657E8F1C2554FD0025B1E0 /* Main.storyboard */; settings = {ASSET_TAGS = (); }; };
		22DF54FE1C259A0600AA5B52 /* nervous-jsapps in Resources */ = {isa = PBXBuildFile; fileRef = 22DF54FD1C259A0600AA5B52 /* nervous-jsapps */; settings = {ASSET_TAGS = (); }; };
		22DF55041C25A59700AA5B52 /* nervous-resources in Resources */ = {isa = PBXBuildFile; fileRef = 22DF55031C25A59700AA5B52 /* nervous-resources */; settings = {ASSET_TAGS = (); }; };
		22DF55071C25C40500AA5B52 /* SwiftyJSON.swift in Sources */ = {isa = PBXBuildFile; fileRef = 22DF55051C25C39800AA5B52 /* SwiftyJSON.swift */; settings = {ASSET_TAGS = (); }; };
/* End PBXBuildFile section */

/* Begin PBXContainerItemProxy section */
		1FF696E01C25612F005CCF6E /* PBXContainerItemProxy */ = {
			isa = PBXContainerItemProxy;
			containerPortal = 1FF696AC1C25612F005CCF6E /* Swifter.xcodeproj */;
			proxyType = 2;
			remoteGlobalIDString = 7C839B6E19422CFF003A6950;
			remoteInfo = SwifterSampleiOS;
		};
		1FF696E21C25612F005CCF6E /* PBXContainerItemProxy */ = {
			isa = PBXContainerItemProxy;
			containerPortal = 1FF696AC1C25612F005CCF6E /* Swifter.xcodeproj */;
			proxyType = 2;
			remoteGlobalIDString = 7CA4813B19A2EA8D0030B30D;
			remoteInfo = SwifterSampleOSX;
		};
		1FF696E41C25612F005CCF6E /* PBXContainerItemProxy */ = {
			isa = PBXContainerItemProxy;
			containerPortal = 1FF696AC1C25612F005CCF6E /* Swifter.xcodeproj */;
			proxyType = 2;
			remoteGlobalIDString = 7AE893E71C05127900A29F63;
			remoteInfo = SwifteriOS;
		};
		1FF696E61C25612F005CCF6E /* PBXContainerItemProxy */ = {
			isa = PBXContainerItemProxy;
			containerPortal = 1FF696AC1C25612F005CCF6E /* Swifter.xcodeproj */;
			proxyType = 2;
			remoteGlobalIDString = 7AE893FB1C0512C400A29F63;
			remoteInfo = SwifterMac;
		};
/* End PBXContainerItemProxy section */

/* Begin PBXFileReference section */
		1FF696951C25612F005CCF6E /* .gitignore */ = {isa = PBXFileReference; fileEncoding = 4; lastKnownFileType = text; path = .gitignore; sourceTree = "<group>"; };
		1FF696961C25612F005CCF6E /* .swiftlint.yml */ = {isa = PBXFileReference; fileEncoding = 4; lastKnownFileType = text; path = .swiftlint.yml; sourceTree = "<group>"; };
		1FF696971C25612F005CCF6E /* LICENSE */ = {isa = PBXFileReference; fileEncoding = 4; lastKnownFileType = text; path = LICENSE; sourceTree = "<group>"; };
		1FF6969A1C25612F005CCF6E /* file.html */ = {isa = PBXFileReference; fileEncoding = 4; lastKnownFileType = text.html; path = file.html; sourceTree = "<group>"; };
		1FF6969B1C25612F005CCF6E /* login.html */ = {isa = PBXFileReference; fileEncoding = 4; lastKnownFileType = text.html; path = login.html; sourceTree = "<group>"; };
		1FF6969C1C25612F005CCF6E /* logo.png */ = {isa = PBXFileReference; lastKnownFileType = image.png; path = logo.png; sourceTree = "<group>"; };
		1FF6969D1C25612F005CCF6E /* test.json */ = {isa = PBXFileReference; fileEncoding = 4; lastKnownFileType = text.json; path = test.json; sourceTree = "<group>"; };
		1FF696A01C25612F005CCF6E /* Const.swift */ = {isa = PBXFileReference; fileEncoding = 4; lastKnownFileType = sourcecode.swift; path = Const.swift; sourceTree = "<group>"; };
		1FF696A11C25612F005CCF6E /* DemoServer.swift */ = {isa = PBXFileReference; fileEncoding = 4; lastKnownFileType = sourcecode.swift; path = DemoServer.swift; sourceTree = "<group>"; };
		1FF696A21C25612F005CCF6E /* HttpHandlers.swift */ = {isa = PBXFileReference; fileEncoding = 4; lastKnownFileType = sourcecode.swift; path = HttpHandlers.swift; sourceTree = "<group>"; };
		1FF696A31C25612F005CCF6E /* HttpParser.swift */ = {isa = PBXFileReference; fileEncoding = 4; lastKnownFileType = sourcecode.swift; path = HttpParser.swift; sourceTree = "<group>"; };
		1FF696A41C25612F005CCF6E /* HttpRequest.swift */ = {isa = PBXFileReference; fileEncoding = 4; lastKnownFileType = sourcecode.swift; path = HttpRequest.swift; sourceTree = "<group>"; };
		1FF696A51C25612F005CCF6E /* HttpResponse.swift */ = {isa = PBXFileReference; fileEncoding = 4; lastKnownFileType = sourcecode.swift; path = HttpResponse.swift; sourceTree = "<group>"; };
		1FF696A61C25612F005CCF6E /* HttpRouter.swift */ = {isa = PBXFileReference; fileEncoding = 4; lastKnownFileType = sourcecode.swift; path = HttpRouter.swift; sourceTree = "<group>"; };
		1FF696A71C25612F005CCF6E /* HttpServer.swift */ = {isa = PBXFileReference; fileEncoding = 4; lastKnownFileType = sourcecode.swift; path = HttpServer.swift; sourceTree = "<group>"; };
		1FF696A81C25612F005CCF6E /* HttpServerIO.swift */ = {isa = PBXFileReference; fileEncoding = 4; lastKnownFileType = sourcecode.swift; path = HttpServerIO.swift; sourceTree = "<group>"; };
		1FF696A91C25612F005CCF6E /* Socket.swift */ = {isa = PBXFileReference; fileEncoding = 4; lastKnownFileType = sourcecode.swift; path = Socket.swift; sourceTree = "<group>"; };
		1FF696AA1C25612F005CCF6E /* String+Misc.swift */ = {isa = PBXFileReference; fileEncoding = 4; lastKnownFileType = sourcecode.swift; path = "String+Misc.swift"; sourceTree = "<group>"; };
		1FF696AB1C25612F005CCF6E /* Swifter.podspec */ = {isa = PBXFileReference; fileEncoding = 4; lastKnownFileType = text; path = Swifter.podspec; sourceTree = "<group>"; };
		1FF696AC1C25612F005CCF6E /* Swifter.xcodeproj */ = {isa = PBXFileReference; lastKnownFileType = "wrapper.pb-project"; path = Swifter.xcodeproj; sourceTree = "<group>"; };
		1FF696B01C25612F005CCF6E /* SwifteriOS.h */ = {isa = PBXFileReference; fileEncoding = 4; lastKnownFileType = sourcecode.c.h; path = SwifteriOS.h; sourceTree = "<group>"; };
		1FF696E91C256582005CCF6E /* localServer.swift */ = {isa = PBXFileReference; fileEncoding = 4; lastKnownFileType = sourcecode.swift; path = localServer.swift; sourceTree = "<group>"; };
		1FF6986C1C25B3D5005CCF6E /* acc.swift */ = {isa = PBXFileReference; fileEncoding = 4; lastKnownFileType = sourcecode.swift; path = acc.swift; sourceTree = "<group>"; };
		1FF6986E1C25B3EC005CCF6E /* gyr.swift */ = {isa = PBXFileReference; fileEncoding = 4; lastKnownFileType = sourcecode.swift; path = gyr.swift; sourceTree = "<group>"; };
		22657E861C2554FD0025B1E0 /* NervousMagicApps.app */ = {isa = PBXFileReference; explicitFileType = wrapper.application; includeInIndex = 0; path = NervousMagicApps.app; sourceTree = BUILT_PRODUCTS_DIR; };
		22657E891C2554FD0025B1E0 /* AppDelegate.swift */ = {isa = PBXFileReference; lastKnownFileType = sourcecode.swift; path = AppDelegate.swift; sourceTree = "<group>"; };
		22657E8B1C2554FD0025B1E0 /* JSAppStoreTableViewController.swift */ = {isa = PBXFileReference; lastKnownFileType = sourcecode.swift; path = JSAppStoreTableViewController.swift; sourceTree = "<group>"; };
		22657E901C2554FD0025B1E0 /* Base */ = {isa = PBXFileReference; lastKnownFileType = file.storyboard; name = Base; path = Base.lproj/Main.storyboard; sourceTree = "<group>"; };
		22657E921C2554FD0025B1E0 /* Assets.xcassets */ = {isa = PBXFileReference; lastKnownFileType = folder.assetcatalog; path = Assets.xcassets; sourceTree = "<group>"; };
		22657E951C2554FD0025B1E0 /* Base */ = {isa = PBXFileReference; lastKnownFileType = file.storyboard; name = Base; path = Base.lproj/LaunchScreen.storyboard; sourceTree = "<group>"; };
		22657E971C2554FD0025B1E0 /* Info.plist */ = {isa = PBXFileReference; lastKnownFileType = text.plist.xml; path = Info.plist; sourceTree = "<group>"; };
		2273366D1C2572400028C5F0 /* JSAppViewController.swift */ = {isa = PBXFileReference; fileEncoding = 4; lastKnownFileType = sourcecode.swift; path = JSAppViewController.swift; sourceTree = "<group>"; };
		22DF54FD1C259A0600AA5B52 /* nervous-jsapps */ = {isa = PBXFileReference; lastKnownFileType = folder; path = "nervous-jsapps"; sourceTree = "<group>"; };
		22DF55031C25A59700AA5B52 /* nervous-resources */ = {isa = PBXFileReference; lastKnownFileType = folder; path = "nervous-resources"; sourceTree = "<group>"; };
		22DF55051C25C39800AA5B52 /* SwiftyJSON.swift */ = {isa = PBXFileReference; fileEncoding = 4; lastKnownFileType = sourcecode.swift; path = SwiftyJSON.swift; sourceTree = "<group>"; };
/* End PBXFileReference section */

/* Begin PBXFrameworksBuildPhase section */
		22657E831C2554FD0025B1E0 /* Frameworks */ = {
			isa = PBXFrameworksBuildPhase;
			buildActionMask = 2147483647;
			files = (
			);
			runOnlyForDeploymentPostprocessing = 0;
		};
/* End PBXFrameworksBuildPhase section */

/* Begin PBXGroup section */
		1FF696941C25612F005CCF6E /* swifter */ = {
			isa = PBXGroup;
			children = (
				1FF696951C25612F005CCF6E /* .gitignore */,
				1FF696961C25612F005CCF6E /* .swiftlint.yml */,
				1FF696971C25612F005CCF6E /* LICENSE */,
				1FF696991C25612F005CCF6E /* Resources */,
				1FF6969E1C25612F005CCF6E /* Sources */,
				1FF696AB1C25612F005CCF6E /* Swifter.podspec */,
				1FF696AC1C25612F005CCF6E /* Swifter.xcodeproj */,
				1FF696AF1C25612F005CCF6E /* SwifteriOS */,
			);
			path = swifter;
			sourceTree = "<group>";
		};
		1FF696991C25612F005CCF6E /* Resources */ = {
			isa = PBXGroup;
			children = (
				1FF6969A1C25612F005CCF6E /* file.html */,
				1FF6969B1C25612F005CCF6E /* login.html */,
				1FF6969C1C25612F005CCF6E /* logo.png */,
				1FF6969D1C25612F005CCF6E /* test.json */,
			);
			path = Resources;
			sourceTree = "<group>";
		};
		1FF6969E1C25612F005CCF6E /* Sources */ = {
			isa = PBXGroup;
			children = (
				1FF6969F1C25612F005CCF6E /* Swifter */,
			);
			path = Sources;
			sourceTree = "<group>";
		};
		1FF6969F1C25612F005CCF6E /* Swifter */ = {
			isa = PBXGroup;
			children = (
				1FF696A01C25612F005CCF6E /* Const.swift */,
				1FF696A11C25612F005CCF6E /* DemoServer.swift */,
				1FF696A21C25612F005CCF6E /* HttpHandlers.swift */,
				1FF696A31C25612F005CCF6E /* HttpParser.swift */,
				1FF696A41C25612F005CCF6E /* HttpRequest.swift */,
				1FF696A51C25612F005CCF6E /* HttpResponse.swift */,
				1FF696A61C25612F005CCF6E /* HttpRouter.swift */,
				1FF696A71C25612F005CCF6E /* HttpServer.swift */,
				1FF696A81C25612F005CCF6E /* HttpServerIO.swift */,
				1FF696A91C25612F005CCF6E /* Socket.swift */,
				1FF696AA1C25612F005CCF6E /* String+Misc.swift */,
			);
			path = Swifter;
			sourceTree = "<group>";
		};
		1FF696AD1C25612F005CCF6E /* Products */ = {
			isa = PBXGroup;
			children = (
				1FF696E11C25612F005CCF6E /* SwifterSampleiOS.app */,
				1FF696E31C25612F005CCF6E /* SwifterSampleOSX */,
				1FF696E51C25612F005CCF6E /* Swifter.framework */,
				1FF696E71C25612F005CCF6E /* Swifter.framework */,
			);
			name = Products;
			sourceTree = "<group>";
		};
		1FF696AF1C25612F005CCF6E /* SwifteriOS */ = {
			isa = PBXGroup;
			children = (
				1FF696B01C25612F005CCF6E /* SwifteriOS.h */,
			);
			path = SwifteriOS;
			sourceTree = "<group>";
		};
		1FF696E81C25654C005CCF6E /* Server */ = {
			isa = PBXGroup;
			children = (
				1FF696E91C256582005CCF6E /* localServer.swift */,
			);
			name = Server;
			sourceTree = "<group>";
		};
		1FF698671C25B3B2005CCF6E /* Sensors */ = {
			isa = PBXGroup;
			children = (
				1FF6986C1C25B3D5005CCF6E /* acc.swift */,
				1FF6986E1C25B3EC005CCF6E /* gyr.swift */,
			);
			name = Sensors;
			sourceTree = "<group>";
		};
		22657E7D1C2554FD0025B1E0 = {
			isa = PBXGroup;
			children = (
				1FF698671C25B3B2005CCF6E /* Sensors */,
				1FF696941C25612F005CCF6E /* swifter */,
				1FF696E81C25654C005CCF6E /* Server */,
				22657E881C2554FD0025B1E0 /* NervousMagicApps */,
				22657E871C2554FD0025B1E0 /* Products */,
			);
			sourceTree = "<group>";
		};
		22657E871C2554FD0025B1E0 /* Products */ = {
			isa = PBXGroup;
			children = (
				22657E861C2554FD0025B1E0 /* NervousMagicApps.app */,
			);
			name = Products;
			sourceTree = "<group>";
		};
		22657E881C2554FD0025B1E0 /* NervousMagicApps */ = {
			isa = PBXGroup;
			children = (
				22DF55051C25C39800AA5B52 /* SwiftyJSON.swift */,
				22DF55031C25A59700AA5B52 /* nervous-resources */,
				22DF54FD1C259A0600AA5B52 /* nervous-jsapps */,
				2273366D1C2572400028C5F0 /* JSAppViewController.swift */,
				22657E891C2554FD0025B1E0 /* AppDelegate.swift */,
				22657E8B1C2554FD0025B1E0 /* JSAppStoreTableViewController.swift */,
				22657E8F1C2554FD0025B1E0 /* Main.storyboard */,
				22657E921C2554FD0025B1E0 /* Assets.xcassets */,
				22657E941C2554FD0025B1E0 /* LaunchScreen.storyboard */,
				22657E971C2554FD0025B1E0 /* Info.plist */,
			);
			path = NervousMagicApps;
			sourceTree = "<group>";
		};
/* End PBXGroup section */

/* Begin PBXNativeTarget section */
		22657E851C2554FD0025B1E0 /* NervousMagicApps */ = {
			isa = PBXNativeTarget;
			buildConfigurationList = 22657E9A1C2554FD0025B1E0 /* Build configuration list for PBXNativeTarget "NervousMagicApps" */;
			buildPhases = (
				22657E821C2554FD0025B1E0 /* Sources */,
				22657E831C2554FD0025B1E0 /* Frameworks */,
				22657E841C2554FD0025B1E0 /* Resources */,
			);
			buildRules = (
			);
			dependencies = (
			);
			name = NervousMagicApps;
			productName = NervousMagicApps;
			productReference = 22657E861C2554FD0025B1E0 /* NervousMagicApps.app */;
			productType = "com.apple.product-type.application";
		};
/* End PBXNativeTarget section */

/* Begin PBXProject section */
		22657E7E1C2554FD0025B1E0 /* Project object */ = {
			isa = PBXProject;
			attributes = {
				LastUpgradeCheck = 0700;
				ORGANIZATIONNAME = ethz;
				TargetAttributes = {
					22657E851C2554FD0025B1E0 = {
						CreatedOnToolsVersion = 7.0;
					};
				};
			};
			buildConfigurationList = 22657E811C2554FD0025B1E0 /* Build configuration list for PBXProject "NervousMagicApps" */;
			compatibilityVersion = "Xcode 3.2";
			developmentRegion = English;
			hasScannedForEncodings = 0;
			knownRegions = (
				en,
				Base,
			);
			mainGroup = 22657E7D1C2554FD0025B1E0;
			productRefGroup = 22657E871C2554FD0025B1E0 /* Products */;
			projectDirPath = "";
			projectReferences = (
				{
					ProductGroup = 1FF696AD1C25612F005CCF6E /* Products */;
					ProjectRef = 1FF696AC1C25612F005CCF6E /* Swifter.xcodeproj */;
				},
			);
			projectRoot = "";
			targets = (
				22657E851C2554FD0025B1E0 /* NervousMagicApps */,
			);
		};
/* End PBXProject section */

/* Begin PBXReferenceProxy section */
		1FF696E11C25612F005CCF6E /* SwifterSampleiOS.app */ = {
			isa = PBXReferenceProxy;
			fileType = wrapper.application;
			path = SwifterSampleiOS.app;
			remoteRef = 1FF696E01C25612F005CCF6E /* PBXContainerItemProxy */;
			sourceTree = BUILT_PRODUCTS_DIR;
		};
		1FF696E31C25612F005CCF6E /* SwifterSampleOSX */ = {
			isa = PBXReferenceProxy;
			fileType = "compiled.mach-o.executable";
			path = SwifterSampleOSX;
			remoteRef = 1FF696E21C25612F005CCF6E /* PBXContainerItemProxy */;
			sourceTree = BUILT_PRODUCTS_DIR;
		};
		1FF696E51C25612F005CCF6E /* Swifter.framework */ = {
			isa = PBXReferenceProxy;
			fileType = wrapper.framework;
			path = Swifter.framework;
			remoteRef = 1FF696E41C25612F005CCF6E /* PBXContainerItemProxy */;
			sourceTree = BUILT_PRODUCTS_DIR;
		};
		1FF696E71C25612F005CCF6E /* Swifter.framework */ = {
			isa = PBXReferenceProxy;
			fileType = wrapper.framework;
			path = Swifter.framework;
			remoteRef = 1FF696E61C25612F005CCF6E /* PBXContainerItemProxy */;
			sourceTree = BUILT_PRODUCTS_DIR;
		};
/* End PBXReferenceProxy section */

/* Begin PBXResourcesBuildPhase section */
		22657E841C2554FD0025B1E0 /* Resources */ = {
			isa = PBXResourcesBuildPhase;
			buildActionMask = 2147483647;
			files = (
				1FF696C31C25612F005CCF6E /* file.html in Resources */,
				1FF696C11C25612F005CCF6E /* LICENSE in Resources */,
				1FF696C51C25612F005CCF6E /* logo.png in Resources */,
				1FF696C01C25612F005CCF6E /* .swiftlint.yml in Resources */,
				1FF696BF1C25612F005CCF6E /* .gitignore in Resources */,
				229A039E1C2574C5003602AF /* Main.storyboard in Resources */,
				22DF54FE1C259A0600AA5B52 /* nervous-jsapps in Resources */,
				22657E961C2554FD0025B1E0 /* LaunchScreen.storyboard in Resources */,
				22DF55041C25A59700AA5B52 /* nervous-resources in Resources */,
				22657E931C2554FD0025B1E0 /* Assets.xcassets in Resources */,
				1FF696C61C25612F005CCF6E /* test.json in Resources */,
				1FF696D21C25612F005CCF6E /* Swifter.podspec in Resources */,
				1FF696C41C25612F005CCF6E /* login.html in Resources */,
			);
			runOnlyForDeploymentPostprocessing = 0;
		};
/* End PBXResourcesBuildPhase section */

/* Begin PBXSourcesBuildPhase section */
		22657E821C2554FD0025B1E0 /* Sources */ = {
			isa = PBXSourcesBuildPhase;
			buildActionMask = 2147483647;
			files = (
				1FF696EA1C256582005CCF6E /* localServer.swift in Sources */,
				1FF696CC1C25612F005CCF6E /* HttpResponse.swift in Sources */,
				1FF696CA1C25612F005CCF6E /* HttpParser.swift in Sources */,
				1FF696CE1C25612F005CCF6E /* HttpServer.swift in Sources */,
				1FF6986F1C25B3EC005CCF6E /* gyr.swift in Sources */,
				1FF696C81C25612F005CCF6E /* DemoServer.swift in Sources */,
				1FF696CD1C25612F005CCF6E /* HttpRouter.swift in Sources */,
				22657E8A1C2554FD0025B1E0 /* AppDelegate.swift in Sources */,
				1FF696D01C25612F005CCF6E /* Socket.swift in Sources */,
				1FF696CB1C25612F005CCF6E /* HttpRequest.swift in Sources */,
				1FF696D11C25612F005CCF6E /* String+Misc.swift in Sources */,
				1FF696CF1C25612F005CCF6E /* HttpServerIO.swift in Sources */,
				22DF55071C25C40500AA5B52 /* SwiftyJSON.swift in Sources */,
				1FF6986D1C25B3D6005CCF6E /* acc.swift in Sources */,
				1FF696C91C25612F005CCF6E /* HttpHandlers.swift in Sources */,
				22657E8C1C2554FD0025B1E0 /* JSAppStoreTableViewController.swift in Sources */,
				2273366F1C2573690028C5F0 /* JSAppViewController.swift in Sources */,
				1FF696C71C25612F005CCF6E /* Const.swift in Sources */,
			);
			runOnlyForDeploymentPostprocessing = 0;
		};
/* End PBXSourcesBuildPhase section */

/* Begin PBXVariantGroup section */
		22657E8F1C2554FD0025B1E0 /* Main.storyboard */ = {
			isa = PBXVariantGroup;
			children = (
				22657E901C2554FD0025B1E0 /* Base */,
			);
			name = Main.storyboard;
			sourceTree = "<group>";
		};
		22657E941C2554FD0025B1E0 /* LaunchScreen.storyboard */ = {
			isa = PBXVariantGroup;
			children = (
				22657E951C2554FD0025B1E0 /* Base */,
			);
			name = LaunchScreen.storyboard;
			sourceTree = "<group>";
		};
/* End PBXVariantGroup section */

/* Begin XCBuildConfiguration section */
		22657E981C2554FD0025B1E0 /* Debug */ = {
			isa = XCBuildConfiguration;
			buildSettings = {
				ALWAYS_SEARCH_USER_PATHS = NO;
				CLANG_CXX_LANGUAGE_STANDARD = "gnu++0x";
				CLANG_CXX_LIBRARY = "libc++";
				CLANG_ENABLE_MODULES = YES;
				CLANG_ENABLE_OBJC_ARC = YES;
				CLANG_WARN_BOOL_CONVERSION = YES;
				CLANG_WARN_CONSTANT_CONVERSION = YES;
				CLANG_WARN_DIRECT_OBJC_ISA_USAGE = YES_ERROR;
				CLANG_WARN_EMPTY_BODY = YES;
				CLANG_WARN_ENUM_CONVERSION = YES;
				CLANG_WARN_INT_CONVERSION = YES;
				CLANG_WARN_OBJC_ROOT_CLASS = YES_ERROR;
				CLANG_WARN_UNREACHABLE_CODE = YES;
				CLANG_WARN__DUPLICATE_METHOD_MATCH = YES;
				"CODE_SIGN_IDENTITY[sdk=iphoneos*]" = "iPhone Developer";
				COPY_PHASE_STRIP = NO;
				DEBUG_INFORMATION_FORMAT = dwarf;
				ENABLE_STRICT_OBJC_MSGSEND = YES;
				ENABLE_TESTABILITY = YES;
				GCC_C_LANGUAGE_STANDARD = "compiler-default";
				GCC_DYNAMIC_NO_PIC = NO;
				GCC_NO_COMMON_BLOCKS = YES;
				GCC_OPTIMIZATION_LEVEL = 0;
				GCC_PREPROCESSOR_DEFINITIONS = (
					"DEBUG=1",
					"$(inherited)",
				);
				GCC_WARN_64_TO_32_BIT_CONVERSION = YES;
				GCC_WARN_ABOUT_RETURN_TYPE = YES_ERROR;
				GCC_WARN_UNDECLARED_SELECTOR = YES;
				GCC_WARN_UNINITIALIZED_AUTOS = YES_AGGRESSIVE;
				GCC_WARN_UNUSED_FUNCTION = YES;
				GCC_WARN_UNUSED_VARIABLE = YES;
				IPHONEOS_DEPLOYMENT_TARGET = 9.0;
				MTL_ENABLE_DEBUG_INFO = YES;
				ONLY_ACTIVE_ARCH = YES;
				SDKROOT = iphoneos;
				SWIFT_OPTIMIZATION_LEVEL = "-Onone";
			};
			name = Debug;
		};
		22657E991C2554FD0025B1E0 /* Release */ = {
			isa = XCBuildConfiguration;
			buildSettings = {
				ALWAYS_SEARCH_USER_PATHS = NO;
				CLANG_CXX_LANGUAGE_STANDARD = "gnu++0x";
				CLANG_CXX_LIBRARY = "libc++";
				CLANG_ENABLE_MODULES = YES;
				CLANG_ENABLE_OBJC_ARC = YES;
				CLANG_WARN_BOOL_CONVERSION = YES;
				CLANG_WARN_CONSTANT_CONVERSION = YES;
				CLANG_WARN_DIRECT_OBJC_ISA_USAGE = YES_ERROR;
				CLANG_WARN_EMPTY_BODY = YES;
				CLANG_WARN_ENUM_CONVERSION = YES;
				CLANG_WARN_INT_CONVERSION = YES;
				CLANG_WARN_OBJC_ROOT_CLASS = YES_ERROR;
				CLANG_WARN_UNREACHABLE_CODE = YES;
				CLANG_WARN__DUPLICATE_METHOD_MATCH = YES;
				"CODE_SIGN_IDENTITY[sdk=iphoneos*]" = "iPhone Developer";
				COPY_PHASE_STRIP = NO;
				DEBUG_INFORMATION_FORMAT = "dwarf-with-dsym";
				ENABLE_NS_ASSERTIONS = NO;
				ENABLE_STRICT_OBJC_MSGSEND = YES;
				GCC_C_LANGUAGE_STANDARD = "compiler-default";
				GCC_NO_COMMON_BLOCKS = YES;
				GCC_WARN_64_TO_32_BIT_CONVERSION = YES;
				GCC_WARN_ABOUT_RETURN_TYPE = YES_ERROR;
				GCC_WARN_UNDECLARED_SELECTOR = YES;
				GCC_WARN_UNINITIALIZED_AUTOS = YES_AGGRESSIVE;
				GCC_WARN_UNUSED_FUNCTION = YES;
				GCC_WARN_UNUSED_VARIABLE = YES;
				IPHONEOS_DEPLOYMENT_TARGET = 9.0;
				MTL_ENABLE_DEBUG_INFO = NO;
				SDKROOT = iphoneos;
				VALIDATE_PRODUCT = YES;
			};
			name = Release;
		};
		22657E9B1C2554FD0025B1E0 /* Debug */ = {
			isa = XCBuildConfiguration;
			buildSettings = {
				ASSETCATALOG_COMPILER_APPICON_NAME = AppIcon;
				INFOPLIST_FILE = NervousMagicApps/Info.plist;
				IPHONEOS_DEPLOYMENT_TARGET = 9.0;
				LD_RUNPATH_SEARCH_PATHS = "$(inherited) @executable_path/Frameworks";
				PRODUCT_BUNDLE_IDENTIFIER = ch.ethz.NervousMagicApps;
				PRODUCT_NAME = "$(TARGET_NAME)";
			};
			name = Debug;
		};
		22657E9C1C2554FD0025B1E0 /* Release */ = {
			isa = XCBuildConfiguration;
			buildSettings = {
				ASSETCATALOG_COMPILER_APPICON_NAME = AppIcon;
				INFOPLIST_FILE = NervousMagicApps/Info.plist;
				IPHONEOS_DEPLOYMENT_TARGET = 9.0;
				LD_RUNPATH_SEARCH_PATHS = "$(inherited) @executable_path/Frameworks";
				PRODUCT_BUNDLE_IDENTIFIER = ch.ethz.NervousMagicApps;
				PRODUCT_NAME = "$(TARGET_NAME)";
			};
			name = Release;
		};
/* End XCBuildConfiguration section */

/* Begin XCConfigurationList section */
		22657E811C2554FD0025B1E0 /* Build configuration list for PBXProject "NervousMagicApps" */ = {
			isa = XCConfigurationList;
			buildConfigurations = (
				22657E981C2554FD0025B1E0 /* Debug */,
				22657E991C2554FD0025B1E0 /* Release */,
			);
			defaultConfigurationIsVisible = 0;
			defaultConfigurationName = Release;
		};
		22657E9A1C2554FD0025B1E0 /* Build configuration list for PBXNativeTarget "NervousMagicApps" */ = {
			isa = XCConfigurationList;
			buildConfigurations = (
				22657E9B1C2554FD0025B1E0 /* Debug */,
				22657E9C1C2554FD0025B1E0 /* Release */,
			);
			defaultConfigurationIsVisible = 0;
			defaultConfigurationName = Release;
		};
/* End XCConfigurationList section */
	};
	rootObject = 22657E7E1C2554FD0025B1E0 /* Project object */;
}
